
Microsoft Visual Studio Solution File, Format Version 12.00
# Visual Studio Version 16
VisualStudioVersion = 16.0.31624.102
MinimumVisualStudioVersion = 10.0.40219.1
Project("{FAE04EC0-301F-11D3-BF4B-00C04F79EFBC}") = "ConsoleApp1", "ConsoleApp1.csproj", "{0EC06CC9-6B4E-4CF3-8885-E1921B29B1A3}"
EndProject
Global
	GlobalSection(SolutionConfigurationPlatforms) = preSolution
		Debug|Any CPU = Debug|Any CPU
		Release|Any CPU = Release|Any CPU
	EndGlobalSection
	GlobalSection(ProjectConfigurationPlatforms) = postSolution
		{0EC06CC9-6B4E-4CF3-8885-E1921B29B1A3}.Debug|Any CPU.ActiveCfg = Debug|Any CPU
		{0EC06CC9-6B4E-4CF3-8885-E1921B29B1A3}.Debug|Any CPU.Build.0 = Debug|Any CPU
		{0EC06CC9-6B4E-4CF3-8885-E1921B29B1A3}.Release|Any CPU.ActiveCfg = Release|Any CPU
		{0EC06CC9-6B4E-4CF3-8885-E1921B29B1A3}.Release|Any CPU.Build.0 = Release|Any CPU
	EndGlobalSection
	GlobalSection(SolutionProperties) = preSolution
		HideSolutionNode = FALSE
	EndGlobalSection
	GlobalSection(ExtensibilityGlobals) = postSolution
		SolutionGuid = {BABDCE9E-9CD3-475E-902F-DC24D904DB35}
	EndGlobalSection
EndGlobal
